# This file is automatically @generated by Cargo.
# It is not intended for manual editing.
version = 4

[[package]]
name = "autocfg"
version = "1.5.0"
source = "registry+https://github.com/rust-lang/crates.io-index"
checksum = "c08606f8c3cbf4ce6ec8e28fb0014a2c086708fe954eaa885384a6165172e7e8"

[[package]]
name = "bitflags"
version = "2.9.1"
source = "registry+https://github.com/rust-lang/crates.io-index"
checksum = "1b8e56985ec62d17e9c1001dc89c88ecd7dc08e47eba5ec7c29c7b5eeecde967"

[[package]]
name = "btparse"
version = "0.2.0"
source = "registry+https://github.com/rust-lang/crates.io-index"
checksum = "387e80962b798815a2b5c4bcfdb6bf626fa922ffe9f74e373103b858738e9f31"

[[package]]
name = "byteorder"
version = "1.5.0"
source = "registry+https://github.com/rust-lang/crates.io-index"
checksum = "1fd0f2584146f6f2ef48085050886acf353beff7305ebd1ae69500e27c67f64b"

[[package]]
name = "cargo-husky"
version = "1.5.0"
source = "registry+https://github.com/rust-lang/crates.io-index"
checksum = "7b02b629252fe8ef6460461409564e2c21d0c8e77e0944f3d189ff06c4e932ad"

[[package]]
name = "cfg-if"
version = "1.0.1"
source = "registry+https://github.com/rust-lang/crates.io-index"
checksum = "9555578bc9e57714c812a1f84e4fc5b4d21fcb063490c624de019f7464c91268"

[[package]]
name = "color-backtrace"
version = "0.7.0"
source = "registry+https://github.com/rust-lang/crates.io-index"
checksum = "2123a5984bd52ca861c66f66a9ab9883b27115c607f801f86c1bc2a84eb69f0f"
dependencies = [
 "btparse",
 "termcolor",
]

[[package]]
name = "facet"
version = "0.28.0"
source = "registry+https://github.com/rust-lang/crates.io-index"
checksum = "3290e0be77e9eeca366489c3b4010764dc897a83e5936a93857c3937f47a57aa"
dependencies = [
 "facet-core",
 "facet-macros",
 "static_assertions",
]

[[package]]
name = "facet-core"
version = "0.28.0"
source = "registry+https://github.com/rust-lang/crates.io-index"
checksum = "8643770dc61323e6ae5620f336f4c4fc283a6bf39e6701fed32efa747fba5a6a"
dependencies = [
 "bitflags",
 "impls",
]

[[package]]
name = "facet-kdl"
version = "0.1.0"
dependencies = [
 "cargo-husky",
 "facet",
 "facet-core",
 "facet-reflect",
 "facet-testhelpers",
 "indoc",
 "kdl",
 "log",
]

[[package]]
name = "facet-macros"
version = "0.28.0"
source = "registry+https://github.com/rust-lang/crates.io-index"
checksum = "7eb526288148251e984f3a9ab3cef5191ca1da34a45fb5c548781e7053148e19"
dependencies = [
 "facet-core",
 "facet-macros-emit",
]

[[package]]
name = "facet-macros-emit"
version = "0.28.0"
source = "registry+https://github.com/rust-lang/crates.io-index"
checksum = "52619b4834e81068fd915795c297e52f894a18742581627568d451e39dd1c906"
dependencies = [
 "facet-macros-parse",
 "quote",
]

[[package]]
name = "facet-macros-parse"
version = "0.28.0"
source = "registry+https://github.com/rust-lang/crates.io-index"
checksum = "e6097c15775794dd66eb69cd4614be654877e3e6e4a93ca0d0440236c1798f0b"
dependencies = [
 "proc-macro2",
 "quote",
 "unsynn",
]

[[package]]
name = "facet-reflect"
version = "0.28.0"
source = "registry+https://github.com/rust-lang/crates.io-index"
checksum = "c1d24ca6fb9db79b26cb5e37d744591d710e05922dbca7c53505113151b50aef"
dependencies = [
 "bitflags",
 "facet-core",
 "owo-colors",
]

[[package]]
name = "facet-testhelpers"
version = "0.28.0"
source = "registry+https://github.com/rust-lang/crates.io-index"
checksum = "d754d1d685cb364da2c7ffead1c10f4fdb1573653efed0ae1fe8edea20da6c37"
dependencies = [
 "color-backtrace",
 "facet-testhelpers-macros",
 "log",
 "owo-colors",
]

[[package]]
name = "facet-testhelpers-macros"
version = "0.28.0"
source = "registry+https://github.com/rust-lang/crates.io-index"
checksum = "2202a62fd9bcb98cdef3896393b8886d3341e56bcc69cb4142c436298861b901"
dependencies = [
 "quote",
 "unsynn",
]

[[package]]
name = "fxhash"
version = "0.2.1"
source = "registry+https://github.com/rust-lang/crates.io-index"
checksum = "c31b6d751ae2c7f11320402d34e41349dd1016f8d5d45e48c4312bc8625af50c"
dependencies = [
 "byteorder",
]

[[package]]
name = "impls"
version = "1.0.3"
source = "registry+https://github.com/rust-lang/crates.io-index"
checksum = "7a46645bbd70538861a90d0f26c31537cdf1e44aae99a794fb75a664b70951bc"

[[package]]
name = "indoc"
version = "2.0.6"
source = "registry+https://github.com/rust-lang/crates.io-index"
checksum = "f4c7245a08504955605670dbf141fceab975f15ca21570696aebe9d2e71576bd"

[[package]]
name = "kdl"
version = "6.3.3"
source = "git+https://github.com/TheLostLambda/kdl-rs.git?branch=free-of-syn#963eb2571a734a800e88ea0548c2da738893e7a6"
dependencies = [
 "miette",
 "num",
 "winnow",
]

[[package]]
name = "log"
version = "0.4.27"
source = "registry+https://github.com/rust-lang/crates.io-index"
checksum = "13dc2df351e3202783a1fe0d44375f7295ffb4049267b0f3018346dc122a1d94"

[[package]]
name = "memchr"
version = "2.7.5"
source = "registry+https://github.com/rust-lang/crates.io-index"
checksum = "32a282da65faaf38286cf3be983213fcf1d2e2a58700e808f83f4ea9a4804bc0"

[[package]]
name = "miette"
version = "7.6.0"
source = "registry+https://github.com/rust-lang/crates.io-index"
checksum = "5f98efec8807c63c752b5bd61f862c165c115b0a35685bdcfd9238c7aeb592b7"
dependencies = [
 "cfg-if",
 "unicode-width",
]

[[package]]
name = "mutants"
version = "0.0.3"
source = "registry+https://github.com/rust-lang/crates.io-index"
checksum = "bc0287524726960e07b119cebd01678f852f147742ae0d925e6a520dca956126"

[[package]]
name = "num"
version = "0.4.3"
source = "registry+https://github.com/rust-lang/crates.io-index"
checksum = "35bd024e8b2ff75562e5f34e7f4905839deb4b22955ef5e73d2fea1b9813cb23"
dependencies = [
 "num-bigint",
 "num-complex",
 "num-integer",
 "num-iter",
 "num-rational",
 "num-traits",
]

[[package]]
name = "num-bigint"
version = "0.4.6"
source = "registry+https://github.com/rust-lang/crates.io-index"
checksum = "a5e44f723f1133c9deac646763579fdb3ac745e418f2a7af9cd0c431da1f20b9"
dependencies = [
 "num-integer",
 "num-traits",
]

[[package]]
name = "num-complex"
version = "0.4.6"
source = "registry+https://github.com/rust-lang/crates.io-index"
checksum = "73f88a1307638156682bada9d7604135552957b7818057dcef22705b4d509495"
dependencies = [
 "num-traits",
]

[[package]]
name = "num-integer"
version = "0.1.46"
source = "registry+https://github.com/rust-lang/crates.io-index"
checksum = "7969661fd2958a5cb096e56c8e1ad0444ac2bbcd0061bd28660485a44879858f"
dependencies = [
 "num-traits",
]

[[package]]
name = "num-iter"
version = "0.1.45"
source = "registry+https://github.com/rust-lang/crates.io-index"
checksum = "1429034a0490724d0075ebb2bc9e875d6503c3cf69e235a8941aa757d83ef5bf"
dependencies = [
 "autocfg",
 "num-integer",
 "num-traits",
]

[[package]]
name = "num-rational"
version = "0.4.2"
source = "registry+https://github.com/rust-lang/crates.io-index"
checksum = "f83d14da390562dca69fc84082e73e548e1ad308d24accdedd2720017cb37824"
dependencies = [
 "num-bigint",
 "num-integer",
 "num-traits",
]

[[package]]
name = "num-traits"
version = "0.2.19"
source = "registry+https://github.com/rust-lang/crates.io-index"
checksum = "071dfc062690e90b734c0b2273ce72ad0ffa95f0c74596bc250dcfd960262841"
dependencies = [
 "autocfg",
]

[[package]]
name = "owo-colors"
version = "4.2.2"
source = "registry+https://github.com/rust-lang/crates.io-index"
checksum = "48dd4f4a2c8405440fd0462561f0e5806bd0f77e86f51c761481bdd4018b545e"

[[package]]
name = "proc-macro2"
version = "1.0.95"
source = "registry+https://github.com/rust-lang/crates.io-index"
checksum = "02b3e5e68a3a1a02aad3ec490a98007cbc13c37cbe84a3cd7b8e406d76e7f778"
dependencies = [
 "unicode-ident",
]

[[package]]
name = "quote"
version = "1.0.40"
source = "registry+https://github.com/rust-lang/crates.io-index"
checksum = "1885c039570dc00dcb4ff087a89e185fd56bae234ddc7f056a945bf36467248d"
dependencies = [
 "proc-macro2",
]

[[package]]
name = "shadow_counted"
version = "0.4.0"
source = "registry+https://github.com/rust-lang/crates.io-index"
checksum = "65da48d447333cebe1aadbdd3662f3ba56e76e67f53bc46f3dd5f67c74629d6b"

[[package]]
name = "static_assertions"
version = "1.1.0"
source = "registry+https://github.com/rust-lang/crates.io-index"
checksum = "a2eb9349b6444b326872e140eb1cf5e7c522154d69e7a0ffb0fb81c06b37543f"

[[package]]
name = "termcolor"
version = "1.4.1"
source = "registry+https://github.com/rust-lang/crates.io-index"
checksum = "06794f8f6c5c898b3275aebefa6b8a1cb24cd2c6c79397ab15774837a0bc5755"
dependencies = [
 "winapi-util",
]

[[package]]
name = "unicode-ident"
version = "1.0.18"
source = "registry+https://github.com/rust-lang/crates.io-index"
checksum = "5a5f39404a5da50712a4c1eecf25e90dd62b613502b7e925fd4e4d19b5c96512"

[[package]]
name = "unicode-width"
version = "0.1.14"
source = "registry+https://github.com/rust-lang/crates.io-index"
checksum = "7dd6e30e90baa6f72411720665d41d89b9a3d039dc45b8faea1ddd07f617f6af"

[[package]]
name = "unsynn"
version = "0.1.1"
source = "registry+https://github.com/rust-lang/crates.io-index"
checksum = "7940603a9e25cf11211cc43b81f4fcad2b8ab4df291ca855f32c40e1ac22d5bc"
dependencies = [
 "fxhash",
 "mutants",
 "proc-macro2",
 "shadow_counted",
]

[[package]]
name = "winapi-util"
version = "0.1.9"
source = "registry+https://github.com/rust-lang/crates.io-index"
checksum = "cf221c93e13a30d793f7645a0e7762c55d169dbb0a49671918a2319d289b10bb"
dependencies = [
 "windows-sys",
]

[[package]]
name = "windows-sys"
version = "0.59.0"
source = "registry+https://github.com/rust-lang/crates.io-index"
checksum = "1e38bc4d79ed67fd075bcc251a1c39b32a1776bbe92e5bef1f0bf1f8c531853b"
dependencies = [
 "windows-targets",
]

[[package]]
name = "windows-targets"
version = "0.52.6"
source = "registry+https://github.com/rust-lang/crates.io-index"
checksum = "9b724f72796e036ab90c1021d4780d4d3d648aca59e491e6b98e725b84e99973"
dependencies = [
 "windows_aarch64_gnullvm",
 "windows_aarch64_msvc",
 "windows_i686_gnu",
 "windows_i686_gnullvm",
 "windows_i686_msvc",
 "windows_x86_64_gnu",
 "windows_x86_64_gnullvm",
 "windows_x86_64_msvc",
]

[[package]]
name = "windows_aarch64_gnullvm"
version = "0.52.6"
source = "registry+https://github.com/rust-lang/crates.io-index"
checksum = "32a4622180e7a0ec044bb555404c800bc9fd9ec262ec147edd5989ccd0c02cd3"

[[package]]
name = "windows_aarch64_msvc"
version = "0.52.6"
source = "registry+https://github.com/rust-lang/crates.io-index"
checksum = "09ec2a7bb152e2252b53fa7803150007879548bc709c039df7627cabbd05d469"

[[package]]
name = "windows_i686_gnu"
version = "0.52.6"
source = "registry+https://github.com/rust-lang/crates.io-index"
checksum = "8e9b5ad5ab802e97eb8e295ac6720e509ee4c243f69d781394014ebfe8bbfa0b"

[[package]]
name = "windows_i686_gnullvm"
version = "0.52.6"
source = "registry+https://github.com/rust-lang/crates.io-index"
checksum = "0eee52d38c090b3caa76c563b86c3a4bd71ef1a819287c19d586d7334ae8ed66"

[[package]]
name = "windows_i686_msvc"
version = "0.52.6"
source = "registry+https://github.com/rust-lang/crates.io-index"
checksum = "240948bc05c5e7c6dabba28bf89d89ffce3e303022809e73deaefe4f6ec56c66"

[[package]]
name = "windows_x86_64_gnu"
version = "0.52.6"
source = "registry+https://github.com/rust-lang/crates.io-index"
checksum = "147a5c80aabfbf0c7d901cb5895d1de30ef2907eb21fbbab29ca94c5b08b1a78"

[[package]]
name = "windows_x86_64_gnullvm"
version = "0.52.6"
source = "registry+https://github.com/rust-lang/crates.io-index"
checksum = "24d5b23dc417412679681396f2b49f3de8c1473deb516bd34410872eff51ed0d"

[[package]]
name = "windows_x86_64_msvc"
version = "0.52.6"
source = "registry+https://github.com/rust-lang/crates.io-index"
checksum = "589f6da84c646204747d1270a2a5661ea66ed1cced2631d546fdfb155959f9ec"

[[package]]
name = "winnow"
version = "0.6.24"
source = "registry+https://github.com/rust-lang/crates.io-index"
checksum = "c8d71a593cc5c42ad7876e2c1fda56f314f3754c084128833e64f1345ff8a03a"
dependencies = [
 "memchr",
]
